# THIS IS AN AUTOGENERATED FILE. DO NOT EDIT THIS FILE DIRECTLY.
# yarn lockfile v1


blueimp-md5@^2.19.0:
  version "2.19.0"
  resolved "https://registry.yarnpkg.com/blueimp-md5/-/blueimp-md5-2.19.0.tgz#b53feea5498dcb53dc6ec4b823adb84b729c4af0"
  integrity sha512-DRQrD6gJyy8FbiE4s+bDoXS9hiW3Vbx5uCdwvcCf3zLHL+Iv7LtGHLpr+GZV8rHG8tK766FGYBwRbu8pELTt+w==

fast-xml-parser@^5.0.9:
  version "5.2.0"
  resolved "https://registry.yarnpkg.com/fast-xml-parser/-/fast-xml-parser-5.2.0.tgz#a1a209c5d8e161989a3bce0942a02aeef460c9ef"
  integrity sha512-Uw9+Mjt4SBRud1IcaYuW/O0lW8SKKdMl5g7g24HiIuyH5fQSD+AVLybSlJtqLYEbytVFjWQa5DMGcNgeksdRBg==
  dependencies:
    strnum "^2.0.5"

ringcentral-web-phone@^2.1.4:
  version "2.1.4"
  resolved "https://registry.yarnpkg.com/ringcentral-web-phone/-/ringcentral-web-phone-2.1.4.tgz#82a61b2acc750fa47c9906d239bad9abfb98de41"
  integrity sha512-QGBPhMGbOmI1lEXLyWz8mtHMFawGvaZZHAOUf2roo98NwuH8KjXcOrwYV+v1tQyDTYvVkYIdpszYzLSqxftV6g==
  dependencies:
    blueimp-md5 "^2.19.0"
    fast-xml-parser "^5.0.9"
    sdp-transform "^2.15.0"
    uuid "^11.1.0"

sdp-transform@^2.15.0:
  version "2.15.0"
  resolved "https://registry.yarnpkg.com/sdp-transform/-/sdp-transform-2.15.0.tgz#79d37a2481916f36a0534e07b32ceaa87f71df42"
  integrity sha512-KrOH82c/W+GYQ0LHqtr3caRpM3ITglq3ljGUIb8LTki7ByacJZ9z+piSGiwZDsRyhQbYBOBJgr2k6X4BZXi3Kw==

strnum@^2.0.5:
  version "2.0.5"
  resolved "https://registry.yarnpkg.com/strnum/-/strnum-2.0.5.tgz#40700b1b5bf956acdc755e98e90005d7657aaaea"
  integrity sha512-YAT3K/sgpCUxhxNMrrdhtod3jckkpYwH6JAuwmUdXZsmzH1wUyzTMrrK2wYCEEqlKwrWDd35NeuUkbBy/1iK+Q==

uuid@^11.1.0:
  version "11.1.0"
  resolved "https://registry.yarnpkg.com/uuid/-/uuid-11.1.0.tgz#9549028be1753bb934fc96e2bca09bb4105ae912"
  integrity sha512-0/A9rDy9P7cJ+8w1c9WD9V//9Wj15Ce2MPz8Ri6032usz+NfePxx5AcN3bN+r6ZL6jEo066/yNYB3tn4pQEx+A==
